
Microsoft Visual Studio Solution File, Format Version 12.00
# Visual Studio Version 16
VisualStudioVersion = 16.0.29306.81
MinimumVisualStudioVersion = 10.0.40219.1
Project("{FAE04EC0-301F-11D3-BF4B-00C04F79EFBC}") = "FizzBuzz", "FizzBuzz\FizzBuzz.csproj", "{EE706F83-1DED-448A-80C6-544527833149}"
EndProject
Project("{FAE04EC0-301F-11D3-BF4B-00C04F79EFBC}") = "FizzBuzzTest", "FizzBuzzTest\FizzBuzzTest.csproj", "{EC967FCF-3DFE-4ED0-8D97-81A5B0DDD5F2}"
EndProject
Global
	GlobalSection(SolutionConfigurationPlatforms) = preSolution
		Debug|Any CPU = Debug|Any CPU
		Release|Any CPU = Release|Any CPU
	EndGlobalSection
	GlobalSection(ProjectConfigurationPlatforms) = postSolution
		{EE706F83-1DED-448A-80C6-544527833149}.Debug|Any CPU.ActiveCfg = Debug|Any CPU
		{EE706F83-1DED-448A-80C6-544527833149}.Debug|Any CPU.Build.0 = Debug|Any CPU
		{EE706F83-1DED-448A-80C6-544527833149}.Release|Any CPU.ActiveCfg = Release|Any CPU
		{EE706F83-1DED-448A-80C6-544527833149}.Release|Any CPU.Build.0 = Release|Any CPU
		{EC967FCF-3DFE-4ED0-8D97-81A5B0DDD5F2}.Debug|Any CPU.ActiveCfg = Debug|Any CPU
		{EC967FCF-3DFE-4ED0-8D97-81A5B0DDD5F2}.Debug|Any CPU.Build.0 = Debug|Any CPU
		{EC967FCF-3DFE-4ED0-8D97-81A5B0DDD5F2}.Release|Any CPU.ActiveCfg = Release|Any CPU
		{EC967FCF-3DFE-4ED0-8D97-81A5B0DDD5F2}.Release|Any CPU.Build.0 = Release|Any CPU
	EndGlobalSection
	GlobalSection(SolutionProperties) = preSolution
		HideSolutionNode = FALSE
	EndGlobalSection
	GlobalSection(ExtensibilityGlobals) = postSolution
		SolutionGuid = {CF0D5D73-3C24-4734-99A4-C0611489615F}
	EndGlobalSection
EndGlobal
